// !$*UTF8*$!
{
	archiveVersion = 1;
	classes = {
	};
	objectVersion = 46;
	objects = {

/* Begin PBXBuildFile section */
		63396560232F861E00DEE8B2 /* AppDelegate.swift in Sources */ = {isa = PBXBuildFile; fileRef = 6339655F232F861E00DEE8B2 /* AppDelegate.swift */; };
		63396562232F861E00DEE8B2 /* ViewController.swift in Sources */ = {isa = PBXBuildFile; fileRef = 63396561232F861E00DEE8B2 /* ViewController.swift */; };
		63396565232F861E00DEE8B2 /* Main.storyboard in Resources */ = {isa = PBXBuildFile; fileRef = 63396563232F861E00DEE8B2 /* Main.storyboard */; };
		63396567232F861E00DEE8B2 /* Assets.xcassets in Resources */ = {isa = PBXBuildFile; fileRef = 63396566232F861E00DEE8B2 /* Assets.xcassets */; };
		6339656A232F861E00DEE8B2 /* LaunchScreen.storyboard in Resources */ = {isa = PBXBuildFile; fileRef = 63396568232F861E00DEE8B2 /* LaunchScreen.storyboard */; };
/* End PBXBuildFile section */

/* Begin PBXFileReference section */
		6339655C232F861D00DEE8B2 /* searchLocation.app */ = {isa = PBXFileReference; explicitFileType = wrapper.application; includeInIndex = 0; path = searchLocation.app; sourceTree = BUILT_PRODUCTS_DIR; };
		6339655F232F861E00DEE8B2 /* AppDelegate.swift */ = {isa = PBXFileReference; lastKnownFileType = sourcecode.swift; path = AppDelegate.swift; sourceTree = "<group>"; };
		63396561232F861E00DEE8B2 /* ViewController.swift */ = {isa = PBXFileReference; lastKnownFileType = sourcecode.swift; path = ViewController.swift; sourceTree = "<group>"; };
		63396564232F861E00DEE8B2 /* Base */ = {isa = PBXFileReference; lastKnownFileType = file.storyboard; name = Base; path = Base.lproj/Main.storyboard; sourceTree = "<group>"; };
		63396566232F861E00DEE8B2 /* Assets.xcassets */ = {isa = PBXFileReference; lastKnownFileType = folder.assetcatalog; path = Assets.xcassets; sourceTree = "<group>"; };
		63396569232F861E00DEE8B2 /* Base */ = {isa = PBXFileReference; lastKnownFileType = file.storyboard; name = Base; path = Base.lproj/LaunchScreen.storyboard; sourceTree = "<group>"; };
		6339656B232F861E00DEE8B2 /* Info.plist */ = {isa = PBXFileReference; lastKnownFileType = text.plist.xml; path = Info.plist; sourceTree = "<group>"; };
/* End PBXFileReference section */

/* Begin PBXFrameworksBuildPhase section */
		63396559232F861D00DEE8B2 /* Frameworks */ = {
			isa = PBXFrameworksBuildPhase;
			buildActionMask = 2147483647;
			files = (
			);
			runOnlyForDeploymentPostprocessing = 0;
		};
/* End PBXFrameworksBuildPhase section */

/* Begin PBXGroup section */
		63396553232F861D00DEE8B2 = {
			isa = PBXGroup;
			children = (
				6339655E232F861E00DEE8B2 /* searchLocation */,
				6339655D232F861D00DEE8B2 /* Products */,
			);
			sourceTree = "<group>";
		};
		6339655D232F861D00DEE8B2 /* Products */ = {
			isa = PBXGroup;
			children = (
				6339655C232F861D00DEE8B2 /* searchLocation.app */,
			);
			name = Products;
			sourceTree = "<group>";
		};
		6339655E232F861E00DEE8B2 /* searchLocation */ = {
			isa = PBXGroup;
			children = (
				6339655F232F861E00DEE8B2 /* AppDelegate.swift */,
				63396561232F861E00DEE8B2 /* ViewController.swift */,
				63396563232F861E00DEE8B2 /* Main.storyboard */,
				63396566232F861E00DEE8B2 /* Assets.xcassets */,
				63396568232F861E00DEE8B2 /* LaunchScreen.storyboard */,
				6339656B232F861E00DEE8B2 /* Info.plist */,
			);
			path = searchLocation;
			sourceTree = "<group>";
		};
/* End PBXGroup section */

/* Begin PBXNativeTarget section */
		6339655B232F861D00DEE8B2 /* searchLocation */ = {
			isa = PBXNativeTarget;
			buildConfigurationList = 6339656E232F861E00DEE8B2 /* Build configuration list for PBXNativeTarget "searchLocation" */;
			buildPhases = (
				63396558232F861D00DEE8B2 /* Sources */,
				63396559232F861D00DEE8B2 /* Frameworks */,
				6339655A232F861D00DEE8B2 /* Resources */,
			);
			buildRules = (
			);
			dependencies = (
			);
			name = searchLocation;
			productName = searchLocation;
			productReference = 6339655C232F861D00DEE8B2 /* searchLocation.app */;
			productType = "com.apple.product-type.application";
		};
/* End PBXNativeTarget section */

/* Begin PBXProject section */
		63396554232F861D00DEE8B2 /* Project object */ = {
			isa = PBXProject;
			attributes = {
				LastSwiftUpdateCheck = 0820;
				LastUpgradeCheck = 0820;
				ORGANIZATIONNAME = vishal;
				TargetAttributes = {
					6339655B232F861D00DEE8B2 = {
						CreatedOnToolsVersion = 8.2;
						ProvisioningStyle = Automatic;
					};
				};
			};
			buildConfigurationList = 63396557232F861D00DEE8B2 /* Build configuration list for PBXProject "searchLocation" */;
			compatibilityVersion = "Xcode 3.2";
			developmentRegion = English;
			hasScannedForEncodings = 0;
			knownRegions = (
				en,
				Base,
			);
			mainGroup = 63396553232F861D00DEE8B2;
			productRefGroup = 6339655D232F861D00DEE8B2 /* Products */;
			projectDirPath = "";
			projectRoot = "";
			targets = (
				6339655B232F861D00DEE8B2 /* searchLocation */,
			);
		};
/* End PBXProject section */

/* Begin PBXResourcesBuildPhase section */
		6339655A232F861D00DEE8B2 /* Resources */ = {
			isa = PBXResourcesBuildPhase;
			buildActionMask = 2147483647;
			files = (
				6339656A232F861E00DEE8B2 /* LaunchScreen.storyboard in Resources */,
				63396567232F861E00DEE8B2 /* Assets.xcassets in Resources */,
				63396565232F861E00DEE8B2 /* Main.storyboard in Resources */,
			);
			runOnlyForDeploymentPostprocessing = 0;
		};
/* End PBXResourcesBuildPhase section */

/* Begin PBXSourcesBuildPhase section */
		63396558232F861D00DEE8B2 /* Sources */ = {
			isa = PBXSourcesBuildPhase;
			buildActionMask = 2147483647;
			files = (
				63396562232F861E00DEE8B2 /* ViewController.swift in Sources */,
				63396560232F861E00DEE8B2 /* AppDelegate.swift in Sources */,
			);
			runOnlyForDeploymentPostprocessing = 0;
		};
/* End PBXSourcesBuildPhase section */

/* Begin PBXVariantGroup section */
		63396563232F861E00DEE8B2 /* Main.storyboard */ = {
			isa = PBXVariantGroup;
			children = (
				63396564232F861E00DEE8B2 /* Base */,
			);
			name = Main.storyboard;
			sourceTree = "<group>";
		};
		63396568232F861E00DEE8B2 /* LaunchScreen.storyboard */ = {
			isa = PBXVariantGroup;
			children = (
				63396569232F861E00DEE8B2 /* Base */,
			);
			name = LaunchScreen.storyboard;
			sourceTree = "<group>";
		};
/* End PBXVariantGroup section */

/* Begin XCBuildConfiguration section */
		6339656C232F861E00DEE8B2 /* Debug */ = {
			isa = XCBuildConfiguration;
			buildSettings = {
				ALWAYS_SEARCH_USER_PATHS = NO;
				CLANG_ANALYZER_NONNULL = YES;
				CLANG_CXX_LANGUAGE_STANDARD = "gnu++0x";
				CLANG_CXX_LIBRARY = "libc++";
				CLANG_ENABLE_MODULES = YES;
				CLANG_ENABLE_OBJC_ARC = YES;
				CLANG_WARN_BOOL_CONVERSION = YES;
				CLANG_WARN_CONSTANT_CONVERSION = YES;
				CLANG_WARN_DIRECT_OBJC_ISA_USAGE = YES_ERROR;
				CLANG_WARN_DOCUMENTATION_COMMENTS = YES;
				CLANG_WARN_EMPTY_BODY = YES;
				CLANG_WARN_ENUM_CONVERSION = YES;
				CLANG_WARN_INFINITE_RECURSION = YES;
				CLANG_WARN_INT_CONVERSION = YES;
				CLANG_WARN_OBJC_ROOT_CLASS = YES_ERROR;
				CLANG_WARN_SUSPICIOUS_MOVE = YES;
				CLANG_WARN_UNREACHABLE_CODE = YES;
				CLANG_WARN__DUPLICATE_METHOD_MATCH = YES;
				"CODE_SIGN_IDENTITY[sdk=iphoneos*]" = "iPhone Developer";
				COPY_PHASE_STRIP = NO;
				DEBUG_INFORMATION_FORMAT = dwarf;
				ENABLE_STRICT_OBJC_MSGSEND = YES;
				ENABLE_TESTABILITY = YES;
				GCC_C_LANGUAGE_STANDARD = gnu99;
				GCC_DYNAMIC_NO_PIC = NO;
				GCC_NO_COMMON_BLOCKS = YES;
				GCC_OPTIMIZATION_LEVEL = 0;
				GCC_PREPROCESSOR_DEFINITIONS = (
					"DEBUG=1",
					"$(inherited)",
				);
				GCC_WARN_64_TO_32_BIT_CONVERSION = YES;
				GCC_WARN_ABOUT_RETURN_TYPE = YES_ERROR;
				GCC_WARN_UNDECLARED_SELECTOR = YES;
				GCC_WARN_UNINITIALIZED_AUTOS = YES_AGGRESSIVE;
				GCC_WARN_UNUSED_FUNCTION = YES;
				GCC_WARN_UNUSED_VARIABLE = YES;
				IPHONEOS_DEPLOYMENT_TARGET = 10.2;
				MTL_ENABLE_DEBUG_INFO = YES;
				ONLY_ACTIVE_ARCH = YES;
				SDKROOT = iphoneos;
				SWIFT_ACTIVE_COMPILATION_CONDITIONS = DEBUG;
				SWIFT_OPTIMIZATION_LEVEL = "-Onone";
				TARGETED_DEVICE_FAMILY = "1,2";
			};
			name = Debug;
		};
		6339656D232F861E00DEE8B2 /* Release */ = {
			isa = XCBuildConfiguration;
			buildSettings = {
				ALWAYS_SEARCH_USER_PATHS = NO;
				CLANG_ANALYZER_NONNULL = YES;
				CLANG_CXX_LANGUAGE_STANDARD = "gnu++0x";
				CLANG_CXX_LIBRARY = "libc++";
				CLANG_ENABLE_MODULES = YES;
				CLANG_ENABLE_OBJC_ARC = YES;
				CLANG_WARN_BOOL_CONVERSION = YES;
				CLANG_WARN_CONSTANT_CONVERSION = YES;
				CLANG_WARN_DIRECT_OBJC_ISA_USAGE = YES_ERROR;
				CLANG_WARN_DOCUMENTATION_COMMENTS = YES;
				CLANG_WARN_EMPTY_BODY = YES;
				CLANG_WARN_ENUM_CONVERSION = YES;
				CLANG_WARN_INFINITE_RECURSION = YES;
				CLANG_WARN_INT_CONVERSION = YES;
				CLANG_WARN_OBJC_ROOT_CLASS = YES_ERROR;
				CLANG_WARN_SUSPICIOUS_MOVE = YES;
				CLANG_WARN_UNREACHABLE_CODE = YES;
				CLANG_WARN__DUPLICATE_METHOD_MATCH = YES;
				"CODE_SIGN_IDENTITY[sdk=iphoneos*]" = "iPhone Developer";
				COPY_PHASE_STRIP = NO;
				DEBUG_INFORMATION_FORMAT = "dwarf-with-dsym";
				ENABLE_NS_ASSERTIONS = NO;
				ENABLE_STRICT_OBJC_MSGSEND = YES;
				GCC_C_LANGUAGE_STANDARD = gnu99;
				GCC_NO_COMMON_BLOCKS = YES;
				GCC_WARN_64_TO_32_BIT_CONVERSION = YES;
				GCC_WARN_ABOUT_RETURN_TYPE = YES_ERROR;
				GCC_WARN_UNDECLARED_SELECTOR = YES;
				GCC_WARN_UNINITIALIZED_AUTOS = YES_AGGRESSIVE;
				GCC_WARN_UNUSED_FUNCTION = YES;
				GCC_WARN_UNUSED_VARIABLE = YES;
				IPHONEOS_DEPLOYMENT_TARGET = 10.2;
				MTL_ENABLE_DEBUG_INFO = NO;
				SDKROOT = iphoneos;
				SWIFT_OPTIMIZATION_LEVEL = "-Owholemodule";
				TARGETED_DEVICE_FAMILY = "1,2";
				VALIDATE_PRODUCT = YES;
			};
			name = Release;
		};
		6339656F232F861E00DEE8B2 /* Debug */ = {
			isa = XCBuildConfiguration;
			buildSettings = {
				ASSETCATALOG_COMPILER_APPICON_NAME = AppIcon;
				INFOPLIST_FILE = searchLocation/Info.plist;
				LD_RUNPATH_SEARCH_PATHS = "$(inherited) @executable_path/Frameworks";
				PRODUCT_BUNDLE_IDENTIFIER = felix.searchLocation;
				PRODUCT_NAME = "$(TARGET_NAME)";
				SWIFT_VERSION = 3.0;
			};
			name = Debug;
		};
		63396570232F861E00DEE8B2 /* Release */ = {
			isa = XCBuildConfiguration;
			buildSettings = {
				ASSETCATALOG_COMPILER_APPICON_NAME = AppIcon;
				INFOPLIST_FILE = searchLocation/Info.plist;
				LD_RUNPATH_SEARCH_PATHS = "$(inherited) @executable_path/Frameworks";
				PRODUCT_BUNDLE_IDENTIFIER = felix.searchLocation;
				PRODUCT_NAME = "$(TARGET_NAME)";
				SWIFT_VERSION = 3.0;
			};
			name = Release;
		};
/* End XCBuildConfiguration section */

/* Begin XCConfigurationList section */
		63396557232F861D00DEE8B2 /* Build configuration list for PBXProject "searchLocation" */ = {
			isa = XCConfigurationList;
			buildConfigurations = (
				6339656C232F861E00DEE8B2 /* Debug */,
				6339656D232F861E00DEE8B2 /* Release */,
			);
			defaultConfigurationIsVisible = 0;
			defaultConfigurationName = Release;
		};
		6339656E232F861E00DEE8B2 /* Build configuration list for PBXNativeTarget "searchLocation" */ = {
			isa = XCConfigurationList;
			buildConfigurations = (
				6339656F232F861E00DEE8B2 /* Debug */,
				63396570232F861E00DEE8B2 /* Release */,
			);
			defaultConfigurationIsVisible = 0;
		};
/* End XCConfigurationList section */
	};
	rootObject = 63396554232F861D00DEE8B2 /* Project object */;
}
